
Microsoft Visual Studio Solution File, Format Version 12.00
# Visual Studio 2013
VisualStudioVersion = 12.0.40629.0
MinimumVisualStudioVersion = 10.0.40219.1
Project("{2150E333-8FDC-42A3-9474-1A3956D46DE8}") = "Core", "Core", "{C7FD3E89-AB63-4B21-ACF1-E91F1DF1683B}"
EndProject
Project("{2150E333-8FDC-42A3-9474-1A3956D46DE8}") = "Data", "Data", "{F26C77AF-0C12-4D2A-BD44-EB44DED34973}"
EndProject
Project("{2150E333-8FDC-42A3-9474-1A3956D46DE8}") = "Service", "Service", "{C514FA05-F1F1-44A1-8BE1-501709B5398E}"
EndProject
Project("{2150E333-8FDC-42A3-9474-1A3956D46DE8}") = "WebUI", "WebUI", "{1EA1E891-87F2-4BAC-A43D-D549D2EE362B}"
EndProject
Project("{2150E333-8FDC-42A3-9474-1A3956D46DE8}") = "API", "API", "{DFD19977-ABD0-4CB5-9050-4B60CFDE7691}"
EndProject
Project("{FAE04EC0-301F-11D3-BF4B-00C04F79EFBC}") = "KALAYUNITSM.COMMON", "KALAYUNITSM.COMMON\KALAYUNITSM.COMMON.csproj", "{CAD52EC2-3907-4168-AE8F-73F96F337542}"
EndProject
Project("{FAE04EC0-301F-11D3-BF4B-00C04F79EFBC}") = "KALAYUNITSM.DATA", "KALAYUNITSM.DATA\KALAYUNITSM.DATA.csproj", "{404D0842-F183-428D-93E9-2010193ECF22}"
EndProject
Project("{FAE04EC0-301F-11D3-BF4B-00C04F79EFBC}") = "KALAYUNITSM.ENTITY", "KALAYUNITSM.ENTITY\KALAYUNITSM.ENTITY.csproj", "{7043C417-CCD5-4EE8-B65E-4F70B0456BBE}"
EndProject
Project("{FAE04EC0-301F-11D3-BF4B-00C04F79EFBC}") = "KALAYUNITSM.SERVICE", "KALAYUNITSM.SERVICE\KALAYUNITSM.SERVICE.csproj", "{6960B946-9D37-4382-AE2A-60578916F478}"
EndProject
Project("{FAE04EC0-301F-11D3-BF4B-00C04F79EFBC}") = "KALAYUNITSM.WEB", "KALAYUNITSM.WEB\KALAYUNITSM.WEB.csproj", "{4B9034B3-624F-42ED-8CA1-03EAD3C91216}"
EndProject
Project("{FAE04EC0-301F-11D3-BF4B-00C04F79EFBC}") = "KALAYUNITSM.WEB.Tests", "KALAYUNITSM.WEB.Tests\KALAYUNITSM.WEB.Tests.csproj", "{A6616191-10DC-40CE-8153-6F6E3E13431E}"
EndProject
Project("{FAE04EC0-301F-11D3-BF4B-00C04F79EFBC}") = "KALAYUNITSM.REPOSITORY", "KALAYUNITSM.REPOSITORY\KALAYUNITSM.REPOSITORY.csproj", "{4C36275E-6A9A-4E11-935D-EA8A54957323}"
EndProject
Project("{FAE04EC0-301F-11D3-BF4B-00C04F79EFBC}") = "KALAYUNITSM.IREPOSITORY", "KALAYUNITSM.IREPOSITORY\KALAYUNITSM.IREPOSITORY.csproj", "{943880B1-59E0-4667-8E54-3B82383EA86E}"
EndProject
Project("{FAE04EC0-301F-11D3-BF4B-00C04F79EFBC}") = "KALAYUNITSM.ISERVICE", "KALAYUNITSM.ISERVICE\KALAYUNITSM.ISERVICE.csproj", "{12F877B7-54AD-4F68-8329-B446F33841DC}"
EndProject
Global
	GlobalSection(SolutionConfigurationPlatforms) = preSolution
		Debug|Any CPU = Debug|Any CPU
		Release|Any CPU = Release|Any CPU
	EndGlobalSection
	GlobalSection(ProjectConfigurationPlatforms) = postSolution
		{CAD52EC2-3907-4168-AE8F-73F96F337542}.Debug|Any CPU.ActiveCfg = Debug|Any CPU
		{CAD52EC2-3907-4168-AE8F-73F96F337542}.Debug|Any CPU.Build.0 = Debug|Any CPU
		{CAD52EC2-3907-4168-AE8F-73F96F337542}.Release|Any CPU.ActiveCfg = Release|Any CPU
		{CAD52EC2-3907-4168-AE8F-73F96F337542}.Release|Any CPU.Build.0 = Release|Any CPU
		{404D0842-F183-428D-93E9-2010193ECF22}.Debug|Any CPU.ActiveCfg = Debug|Any CPU
		{404D0842-F183-428D-93E9-2010193ECF22}.Debug|Any CPU.Build.0 = Debug|Any CPU
		{404D0842-F183-428D-93E9-2010193ECF22}.Release|Any CPU.ActiveCfg = Release|Any CPU
		{404D0842-F183-428D-93E9-2010193ECF22}.Release|Any CPU.Build.0 = Release|Any CPU
		{7043C417-CCD5-4EE8-B65E-4F70B0456BBE}.Debug|Any CPU.ActiveCfg = Debug|Any CPU
		{7043C417-CCD5-4EE8-B65E-4F70B0456BBE}.Debug|Any CPU.Build.0 = Debug|Any CPU
		{7043C417-CCD5-4EE8-B65E-4F70B0456BBE}.Release|Any CPU.ActiveCfg = Release|Any CPU
		{7043C417-CCD5-4EE8-B65E-4F70B0456BBE}.Release|Any CPU.Build.0 = Release|Any CPU
		{6960B946-9D37-4382-AE2A-60578916F478}.Debug|Any CPU.ActiveCfg = Debug|Any CPU
		{6960B946-9D37-4382-AE2A-60578916F478}.Debug|Any CPU.Build.0 = Debug|Any CPU
		{6960B946-9D37-4382-AE2A-60578916F478}.Release|Any CPU.ActiveCfg = Release|Any CPU
		{6960B946-9D37-4382-AE2A-60578916F478}.Release|Any CPU.Build.0 = Release|Any CPU
		{4B9034B3-624F-42ED-8CA1-03EAD3C91216}.Debug|Any CPU.ActiveCfg = Debug|Any CPU
		{4B9034B3-624F-42ED-8CA1-03EAD3C91216}.Debug|Any CPU.Build.0 = Debug|Any CPU
		{4B9034B3-624F-42ED-8CA1-03EAD3C91216}.Release|Any CPU.ActiveCfg = Release|Any CPU
		{4B9034B3-624F-42ED-8CA1-03EAD3C91216}.Release|Any CPU.Build.0 = Release|Any CPU
		{A6616191-10DC-40CE-8153-6F6E3E13431E}.Debug|Any CPU.ActiveCfg = Debug|Any CPU
		{A6616191-10DC-40CE-8153-6F6E3E13431E}.Debug|Any CPU.Build.0 = Debug|Any CPU
		{A6616191-10DC-40CE-8153-6F6E3E13431E}.Release|Any CPU.ActiveCfg = Release|Any CPU
		{A6616191-10DC-40CE-8153-6F6E3E13431E}.Release|Any CPU.Build.0 = Release|Any CPU
		{4C36275E-6A9A-4E11-935D-EA8A54957323}.Debug|Any CPU.ActiveCfg = Debug|Any CPU
		{4C36275E-6A9A-4E11-935D-EA8A54957323}.Debug|Any CPU.Build.0 = Debug|Any CPU
		{4C36275E-6A9A-4E11-935D-EA8A54957323}.Release|Any CPU.ActiveCfg = Release|Any CPU
		{4C36275E-6A9A-4E11-935D-EA8A54957323}.Release|Any CPU.Build.0 = Release|Any CPU
		{943880B1-59E0-4667-8E54-3B82383EA86E}.Debug|Any CPU.ActiveCfg = Debug|Any CPU
		{943880B1-59E0-4667-8E54-3B82383EA86E}.Debug|Any CPU.Build.0 = Debug|Any CPU
		{943880B1-59E0-4667-8E54-3B82383EA86E}.Release|Any CPU.ActiveCfg = Release|Any CPU
		{943880B1-59E0-4667-8E54-3B82383EA86E}.Release|Any CPU.Build.0 = Release|Any CPU
		{12F877B7-54AD-4F68-8329-B446F33841DC}.Debug|Any CPU.ActiveCfg = Debug|Any CPU
		{12F877B7-54AD-4F68-8329-B446F33841DC}.Debug|Any CPU.Build.0 = Debug|Any CPU
		{12F877B7-54AD-4F68-8329-B446F33841DC}.Release|Any CPU.ActiveCfg = Release|Any CPU
		{12F877B7-54AD-4F68-8329-B446F33841DC}.Release|Any CPU.Build.0 = Release|Any CPU
	EndGlobalSection
	GlobalSection(SolutionProperties) = preSolution
		HideSolutionNode = FALSE
	EndGlobalSection
	GlobalSection(NestedProjects) = preSolution
		{CAD52EC2-3907-4168-AE8F-73F96F337542} = {C7FD3E89-AB63-4B21-ACF1-E91F1DF1683B}
		{404D0842-F183-428D-93E9-2010193ECF22} = {F26C77AF-0C12-4D2A-BD44-EB44DED34973}
		{7043C417-CCD5-4EE8-B65E-4F70B0456BBE} = {F26C77AF-0C12-4D2A-BD44-EB44DED34973}
		{6960B946-9D37-4382-AE2A-60578916F478} = {C514FA05-F1F1-44A1-8BE1-501709B5398E}
		{4B9034B3-624F-42ED-8CA1-03EAD3C91216} = {1EA1E891-87F2-4BAC-A43D-D549D2EE362B}
		{A6616191-10DC-40CE-8153-6F6E3E13431E} = {1EA1E891-87F2-4BAC-A43D-D549D2EE362B}
		{4C36275E-6A9A-4E11-935D-EA8A54957323} = {F26C77AF-0C12-4D2A-BD44-EB44DED34973}
		{943880B1-59E0-4667-8E54-3B82383EA86E} = {F26C77AF-0C12-4D2A-BD44-EB44DED34973}
		{12F877B7-54AD-4F68-8329-B446F33841DC} = {C514FA05-F1F1-44A1-8BE1-501709B5398E}
	EndGlobalSection
EndGlobal
